
Microsoft Visual Studio Solution File, Format Version 12.00
# Visual Studio Version 17
VisualStudioVersion = 17.4.33205.214
MinimumVisualStudioVersion = 10.0.40219.1
Project("{9A19103F-16F7-4668-BE54-9A1E7A4F7556}") = "Meetup.Event.Api", "Meetup.Event.Api\Meetup.Event.Api.csproj", "{95B0E79D-5AD3-4457-8A2D-6A6DB02254A8}"
EndProject
Project("{9A19103F-16F7-4668-BE54-9A1E7A4F7556}") = "Meetup.Login.Api", "Meetup.Login.Api\Meetup.Login.Api.csproj", "{7F0F805C-5FCF-414C-9CA6-872B293458EA}"
EndProject
Project("{9A19103F-16F7-4668-BE54-9A1E7A4F7556}") = "Meetup.Common", "Meetup.Auth.Common\Meetup.Common.csproj", "{CCA75F74-6137-463E-91C3-A21237D969E5}"
EndProject
Project("{9A19103F-16F7-4668-BE54-9A1E7A4F7556}") = "Meetup.Event.Domain", "Meetup.Event.Domain\Meetup.Event.Domain.csproj", "{00792DF6-81C7-431D-B1F8-21990F6FC31A}"
EndProject
Project("{9A19103F-16F7-4668-BE54-9A1E7A4F7556}") = "Meetup.Event.Application", "Meetup.Event.Application\Meetup.Event.Application.csproj", "{061FD0EA-69F6-4593-BC7C-B7BE6A897D42}"
EndProject
Project("{9A19103F-16F7-4668-BE54-9A1E7A4F7556}") = "Meetup.Event.Infrastructure", "Meetup.Event.Infrastructure\Meetup.Event.Infrastructure.csproj", "{D8D5ACC9-8C27-4354-B3AE-64674E284CF1}"
EndProject
Project("{2150E333-8FDC-42A3-9474-1A3956D46DE8}") = "Services", "Services", "{4283732A-4177-48CA-B55C-088385407D21}"
EndProject
Project("{2150E333-8FDC-42A3-9474-1A3956D46DE8}") = "Event", "Event", "{8F073BEC-8646-4E05-8DAA-0B5AEBB40FD7}"
EndProject
Project("{2150E333-8FDC-42A3-9474-1A3956D46DE8}") = "Login", "Login", "{E075F207-D49E-4230-8B7E-386F116928ED}"
EndProject
Project("{9A19103F-16F7-4668-BE54-9A1E7A4F7556}") = "Meetup.Login.Application", "Meetup.Login.Application\Meetup.Login.Application.csproj", "{2E26591B-B1D0-44F4-961D-474ACF0B87BF}"
EndProject
Project("{9A19103F-16F7-4668-BE54-9A1E7A4F7556}") = "Meetup.Login.Infrastructure", "Meetup.Login.Infrastructure\Meetup.Login.Infrastructure.csproj", "{42E605FC-466F-42C8-8F27-1F9B579FB94A}"
EndProject
Project("{9A19103F-16F7-4668-BE54-9A1E7A4F7556}") = "Meetup.Login.Domain", "Meetup.Login.Domain\Meetup.Login.Domain.csproj", "{F60DED1F-7499-4FF1-A64A-D8BFE9DF2D0B}"
EndProject
Global
	GlobalSection(SolutionConfigurationPlatforms) = preSolution
		Debug|Any CPU = Debug|Any CPU
		Release|Any CPU = Release|Any CPU
	EndGlobalSection
	GlobalSection(ProjectConfigurationPlatforms) = postSolution
		{95B0E79D-5AD3-4457-8A2D-6A6DB02254A8}.Debug|Any CPU.ActiveCfg = Debug|Any CPU
		{95B0E79D-5AD3-4457-8A2D-6A6DB02254A8}.Debug|Any CPU.Build.0 = Debug|Any CPU
		{95B0E79D-5AD3-4457-8A2D-6A6DB02254A8}.Release|Any CPU.ActiveCfg = Release|Any CPU
		{95B0E79D-5AD3-4457-8A2D-6A6DB02254A8}.Release|Any CPU.Build.0 = Release|Any CPU
		{7F0F805C-5FCF-414C-9CA6-872B293458EA}.Debug|Any CPU.ActiveCfg = Debug|Any CPU
		{7F0F805C-5FCF-414C-9CA6-872B293458EA}.Debug|Any CPU.Build.0 = Debug|Any CPU
		{7F0F805C-5FCF-414C-9CA6-872B293458EA}.Release|Any CPU.ActiveCfg = Release|Any CPU
		{7F0F805C-5FCF-414C-9CA6-872B293458EA}.Release|Any CPU.Build.0 = Release|Any CPU
		{CCA75F74-6137-463E-91C3-A21237D969E5}.Debug|Any CPU.ActiveCfg = Debug|Any CPU
		{CCA75F74-6137-463E-91C3-A21237D969E5}.Debug|Any CPU.Build.0 = Debug|Any CPU
		{CCA75F74-6137-463E-91C3-A21237D969E5}.Release|Any CPU.ActiveCfg = Release|Any CPU
		{CCA75F74-6137-463E-91C3-A21237D969E5}.Release|Any CPU.Build.0 = Release|Any CPU
		{00792DF6-81C7-431D-B1F8-21990F6FC31A}.Debug|Any CPU.ActiveCfg = Debug|Any CPU
		{00792DF6-81C7-431D-B1F8-21990F6FC31A}.Debug|Any CPU.Build.0 = Debug|Any CPU
		{00792DF6-81C7-431D-B1F8-21990F6FC31A}.Release|Any CPU.ActiveCfg = Release|Any CPU
		{00792DF6-81C7-431D-B1F8-21990F6FC31A}.Release|Any CPU.Build.0 = Release|Any CPU
		{061FD0EA-69F6-4593-BC7C-B7BE6A897D42}.Debug|Any CPU.ActiveCfg = Debug|Any CPU
		{061FD0EA-69F6-4593-BC7C-B7BE6A897D42}.Debug|Any CPU.Build.0 = Debug|Any CPU
		{061FD0EA-69F6-4593-BC7C-B7BE6A897D42}.Release|Any CPU.ActiveCfg = Release|Any CPU
		{061FD0EA-69F6-4593-BC7C-B7BE6A897D42}.Release|Any CPU.Build.0 = Release|Any CPU
		{D8D5ACC9-8C27-4354-B3AE-64674E284CF1}.Debug|Any CPU.ActiveCfg = Debug|Any CPU
		{D8D5ACC9-8C27-4354-B3AE-64674E284CF1}.Debug|Any CPU.Build.0 = Debug|Any CPU
		{D8D5ACC9-8C27-4354-B3AE-64674E284CF1}.Release|Any CPU.ActiveCfg = Release|Any CPU
		{D8D5ACC9-8C27-4354-B3AE-64674E284CF1}.Release|Any CPU.Build.0 = Release|Any CPU
		{2E26591B-B1D0-44F4-961D-474ACF0B87BF}.Debug|Any CPU.ActiveCfg = Debug|Any CPU
		{2E26591B-B1D0-44F4-961D-474ACF0B87BF}.Debug|Any CPU.Build.0 = Debug|Any CPU
		{2E26591B-B1D0-44F4-961D-474ACF0B87BF}.Release|Any CPU.ActiveCfg = Release|Any CPU
		{2E26591B-B1D0-44F4-961D-474ACF0B87BF}.Release|Any CPU.Build.0 = Release|Any CPU
		{42E605FC-466F-42C8-8F27-1F9B579FB94A}.Debug|Any CPU.ActiveCfg = Debug|Any CPU
		{42E605FC-466F-42C8-8F27-1F9B579FB94A}.Debug|Any CPU.Build.0 = Debug|Any CPU
		{42E605FC-466F-42C8-8F27-1F9B579FB94A}.Release|Any CPU.ActiveCfg = Release|Any CPU
		{42E605FC-466F-42C8-8F27-1F9B579FB94A}.Release|Any CPU.Build.0 = Release|Any CPU
		{F60DED1F-7499-4FF1-A64A-D8BFE9DF2D0B}.Debug|Any CPU.ActiveCfg = Debug|Any CPU
		{F60DED1F-7499-4FF1-A64A-D8BFE9DF2D0B}.Debug|Any CPU.Build.0 = Debug|Any CPU
		{F60DED1F-7499-4FF1-A64A-D8BFE9DF2D0B}.Release|Any CPU.ActiveCfg = Release|Any CPU
		{F60DED1F-7499-4FF1-A64A-D8BFE9DF2D0B}.Release|Any CPU.Build.0 = Release|Any CPU
	EndGlobalSection
	GlobalSection(SolutionProperties) = preSolution
		HideSolutionNode = FALSE
	EndGlobalSection
	GlobalSection(NestedProjects) = preSolution
		{95B0E79D-5AD3-4457-8A2D-6A6DB02254A8} = {8F073BEC-8646-4E05-8DAA-0B5AEBB40FD7}
		{7F0F805C-5FCF-414C-9CA6-872B293458EA} = {E075F207-D49E-4230-8B7E-386F116928ED}
		{CCA75F74-6137-463E-91C3-A21237D969E5} = {4283732A-4177-48CA-B55C-088385407D21}
		{00792DF6-81C7-431D-B1F8-21990F6FC31A} = {8F073BEC-8646-4E05-8DAA-0B5AEBB40FD7}
		{061FD0EA-69F6-4593-BC7C-B7BE6A897D42} = {8F073BEC-8646-4E05-8DAA-0B5AEBB40FD7}
		{D8D5ACC9-8C27-4354-B3AE-64674E284CF1} = {8F073BEC-8646-4E05-8DAA-0B5AEBB40FD7}
		{8F073BEC-8646-4E05-8DAA-0B5AEBB40FD7} = {4283732A-4177-48CA-B55C-088385407D21}
		{E075F207-D49E-4230-8B7E-386F116928ED} = {4283732A-4177-48CA-B55C-088385407D21}
		{2E26591B-B1D0-44F4-961D-474ACF0B87BF} = {E075F207-D49E-4230-8B7E-386F116928ED}
		{42E605FC-466F-42C8-8F27-1F9B579FB94A} = {E075F207-D49E-4230-8B7E-386F116928ED}
		{F60DED1F-7499-4FF1-A64A-D8BFE9DF2D0B} = {E075F207-D49E-4230-8B7E-386F116928ED}
	EndGlobalSection
	GlobalSection(ExtensibilityGlobals) = postSolution
		SolutionGuid = {768BA9D2-1E8A-4E74-8945-496E3A7F03B9}
	EndGlobalSection
EndGlobal
